
Microsoft Visual Studio Solution File, Format Version 12.00
# Visual Studio Version 16
VisualStudioVersion = 16.0.31005.135
MinimumVisualStudioVersion = 10.0.40219.1
Project("{FAE04EC0-301F-11D3-BF4B-00C04F79EFBC}") = "ColorPickerUwp", "ColorPickerUwp\ColorPickerUwp.csproj", "{22B3A2F9-989C-4D90-ACB0-41F32F4EE15D}"
EndProject
Project("{9A19103F-16F7-4668-BE54-9A1E7A4F7556}") = "ColorPickerShared", "ColorPickerShared\ColorPickerShared.csproj", "{7B0BE6E8-69D4-4024-A118-0E08F51C16B7}"
EndProject
Global
	GlobalSection(SharedMSBuildProjectFiles) = preSolution
		ColorPickerShared\ColorPickerShared.projitems*{22b3a2f9-989c-4d90-acb0-41f32f4ee15d}*SharedItemsImports = 4
	EndGlobalSection
	GlobalSection(SolutionConfigurationPlatforms) = preSolution
		Debug|Any CPU = Debug|Any CPU
		Debug|ARM = Debug|ARM
		Debug|x64 = Debug|x64
		Debug|x86 = Debug|x86
		Release|Any CPU = Release|Any CPU
		Release|ARM = Release|ARM
		Release|x64 = Release|x64
		Release|x86 = Release|x86
	EndGlobalSection
	GlobalSection(ProjectConfigurationPlatforms) = postSolution
		{22B3A2F9-989C-4D90-ACB0-41F32F4EE15D}.Debug|Any CPU.ActiveCfg = Debug|x86
		{22B3A2F9-989C-4D90-ACB0-41F32F4EE15D}.Debug|ARM.ActiveCfg = Debug|ARM
		{22B3A2F9-989C-4D90-ACB0-41F32F4EE15D}.Debug|ARM.Build.0 = Debug|ARM
		{22B3A2F9-989C-4D90-ACB0-41F32F4EE15D}.Debug|ARM.Deploy.0 = Debug|ARM
		{22B3A2F9-989C-4D90-ACB0-41F32F4EE15D}.Debug|x64.ActiveCfg = Debug|x64
		{22B3A2F9-989C-4D90-ACB0-41F32F4EE15D}.Debug|x64.Build.0 = Debug|x64
		{22B3A2F9-989C-4D90-ACB0-41F32F4EE15D}.Debug|x64.Deploy.0 = Debug|x64
		{22B3A2F9-989C-4D90-ACB0-41F32F4EE15D}.Debug|x86.ActiveCfg = Debug|x86
		{22B3A2F9-989C-4D90-ACB0-41F32F4EE15D}.Debug|x86.Build.0 = Debug|x86
		{22B3A2F9-989C-4D90-ACB0-41F32F4EE15D}.Debug|x86.Deploy.0 = Debug|x86
		{22B3A2F9-989C-4D90-ACB0-41F32F4EE15D}.Release|Any CPU.ActiveCfg = Release|x86
		{22B3A2F9-989C-4D90-ACB0-41F32F4EE15D}.Release|ARM.ActiveCfg = Release|ARM
		{22B3A2F9-989C-4D90-ACB0-41F32F4EE15D}.Release|ARM.Build.0 = Release|ARM
		{22B3A2F9-989C-4D90-ACB0-41F32F4EE15D}.Release|ARM.Deploy.0 = Release|ARM
		{22B3A2F9-989C-4D90-ACB0-41F32F4EE15D}.Release|x64.ActiveCfg = Release|x64
		{22B3A2F9-989C-4D90-ACB0-41F32F4EE15D}.Release|x64.Build.0 = Release|x64
		{22B3A2F9-989C-4D90-ACB0-41F32F4EE15D}.Release|x64.Deploy.0 = Release|x64
		{22B3A2F9-989C-4D90-ACB0-41F32F4EE15D}.Release|x86.ActiveCfg = Release|x86
		{22B3A2F9-989C-4D90-ACB0-41F32F4EE15D}.Release|x86.Build.0 = Release|x86
		{22B3A2F9-989C-4D90-ACB0-41F32F4EE15D}.Release|x86.Deploy.0 = Release|x86
		{7B0BE6E8-69D4-4024-A118-0E08F51C16B7}.Debug|Any CPU.ActiveCfg = Debug|Any CPU
		{7B0BE6E8-69D4-4024-A118-0E08F51C16B7}.Debug|Any CPU.Build.0 = Debug|Any CPU
		{7B0BE6E8-69D4-4024-A118-0E08F51C16B7}.Debug|ARM.ActiveCfg = Debug|Any CPU
		{7B0BE6E8-69D4-4024-A118-0E08F51C16B7}.Debug|ARM.Build.0 = Debug|Any CPU
		{7B0BE6E8-69D4-4024-A118-0E08F51C16B7}.Debug|x64.ActiveCfg = Debug|Any CPU
		{7B0BE6E8-69D4-4024-A118-0E08F51C16B7}.Debug|x64.Build.0 = Debug|Any CPU
		{7B0BE6E8-69D4-4024-A118-0E08F51C16B7}.Debug|x86.ActiveCfg = Debug|Any CPU
		{7B0BE6E8-69D4-4024-A118-0E08F51C16B7}.Debug|x86.Build.0 = Debug|Any CPU
		{7B0BE6E8-69D4-4024-A118-0E08F51C16B7}.Release|Any CPU.ActiveCfg = Release|Any CPU
		{7B0BE6E8-69D4-4024-A118-0E08F51C16B7}.Release|Any CPU.Build.0 = Release|Any CPU
		{7B0BE6E8-69D4-4024-A118-0E08F51C16B7}.Release|ARM.ActiveCfg = Release|Any CPU
		{7B0BE6E8-69D4-4024-A118-0E08F51C16B7}.Release|ARM.Build.0 = Release|Any CPU
		{7B0BE6E8-69D4-4024-A118-0E08F51C16B7}.Release|x64.ActiveCfg = Release|Any CPU
		{7B0BE6E8-69D4-4024-A118-0E08F51C16B7}.Release|x64.Build.0 = Release|Any CPU
		{7B0BE6E8-69D4-4024-A118-0E08F51C16B7}.Release|x86.ActiveCfg = Release|Any CPU
		{7B0BE6E8-69D4-4024-A118-0E08F51C16B7}.Release|x86.Build.0 = Release|Any CPU
	EndGlobalSection
	GlobalSection(SolutionProperties) = preSolution
		HideSolutionNode = FALSE
	EndGlobalSection
	GlobalSection(ExtensibilityGlobals) = postSolution
		SolutionGuid = {399D9225-60AA-4C48-B924-026E38F5F8E1}
	EndGlobalSection
EndGlobal
